{
  "nodes": {
    "nixpkgs": {
      "locked": {
        "lastModified": 1694531033,
        "narHash": "sha256-Ou3Qv+L2njAefPUv6/R/1MWVh9PmDAQmcxHP8ht6abY=",
        "owner": "nixos",
        "repo": "nixpkgs",
        "rev": "c6b321c1cc5bb5c2e0b779450ef79fcd8ee2daed",
        "type": "github"
      },
      "original": {
        "owner": "nixos",
        "ref": "release-23.05",
        "repo": "nixpkgs",
        "type": "github"
      }
    },
    "root": {
      "inputs": {
        "nixpkgs": "nixpkgs"
      }
    }
  },
  "root": "root",
  "version": 7
}
