{
  "nodes": {
    "nixpkgs": {
      "locked": {
        "lastModified": 1744623737,
        "narHash": "sha256-9RTYRjRHkhhVIH8BLCVZWFE9KpkgQlUFr5/hZk3FM60=",
        "owner": "nixos",
        "repo": "nixpkgs",
        "rev": "61be37bf6431f84137ee876209b865c22af6681f",
        "type": "github"
      },
      "original": {
        "owner": "nixos",
        "ref": "release-24.11",
        "repo": "nixpkgs",
        "type": "github"
      }
    },
    "root": {
      "inputs": {
        "nixpkgs": "nixpkgs"
      }
    }
  },
  "root": "root",
  "version": 7
}
