{
  "nodes": {
    "nixpkgs": {
      "locked": {
        "lastModified": 1686607841,
        "narHash": "sha256-EVkpCpNn2VPgSk0Z/GzP5r5ynzhwS2NcHL+nC4yh/yk=",
        "owner": "nixos",
        "repo": "nixpkgs",
        "rev": "cdd5aaac6642beee8f935c9b825b892f8239fab5",
        "type": "github"
      },
      "original": {
        "owner": "nixos",
        "ref": "release-23.05",
        "repo": "nixpkgs",
        "type": "github"
      }
    },
    "root": {
      "inputs": {
        "nixpkgs": "nixpkgs"
      }
    }
  },
  "root": "root",
  "version": 7
}
